// !$*UTF8*$!
{
	archiveVersion = 1;
	classes = {
	};
	objectVersion = 50;
	objects = {

/* Begin PBXBuildFile section */
		180892CF25A48D10003F3CA7 /* aaa in Resources */ = {isa = PBXBuildFile; fileRef = 180892CE25A48D10003F3CA7 /* aaa */; };
		180892D125A48E53003F3CA7 /* test.bundle in Resources */ = {isa = PBXBuildFile; fileRef = 180892D025A48E53003F3CA7 /* test.bundle */; };
		180892D325A56C71003F3CA7 /* Storyboard1.storyboard in Resources */ = {isa = PBXBuildFile; fileRef = 180892D225A56C71003F3CA7 /* Storyboard1.storyboard */; };
		180892D525A56EB9003F3CA7 /* Storyboard2.storyboard in Resources */ = {isa = PBXBuildFile; fileRef = 180892D425A56EB9003F3CA7 /* Storyboard2.storyboard */; };
		180892D725A572A5003F3CA7 /* Storyboard3.storyboard in Resources */ = {isa = PBXBuildFile; fileRef = 180892D625A572A5003F3CA7 /* Storyboard3.storyboard */; };
		1808930B25A9C75D003F3CA7 /* cpp_demo1.cpp in Sources */ = {isa = PBXBuildFile; fileRef = 1808930925A9C75D003F3CA7 /* cpp_demo1.cpp */; };
		1808930E25A9CAB6003F3CA7 /* cpp_demo2.cpp in Sources */ = {isa = PBXBuildFile; fileRef = 1808930C25A9CAB6003F3CA7 /* cpp_demo2.cpp */; };
		18A68880259766DD00FF3426 /* FileUtil.m in Sources */ = {isa = PBXBuildFile; fileRef = 18A6887F259766DD00FF3426 /* FileUtil.m */; };
		18A68883259842FB00FF3426 /* BaseViewController.m in Sources */ = {isa = PBXBuildFile; fileRef = 18A68882259842FB00FF3426 /* BaseViewController.m */; };
		18A68886259843B300FF3426 /* POPAnimation.m in Sources */ = {isa = PBXBuildFile; fileRef = 18A68885259843B300FF3426 /* POPAnimation.m */; };
		18A688952598756600FF3426 /* SafeMutableArray.m in Sources */ = {isa = PBXBuildFile; fileRef = 18A688942598756600FF3426 /* SafeMutableArray.m */; };
		18A68898259875E700FF3426 /* SafeMutableDictionary.m in Sources */ = {isa = PBXBuildFile; fileRef = 18A68897259875E700FF3426 /* SafeMutableDictionary.m */; };
		18A6889D2598863500FF3426 /* test2.storyboard in Resources */ = {isa = PBXBuildFile; fileRef = 18A6889C2598863500FF3426 /* test2.storyboard */; };
		18A688A5259893A000FF3426 /* TestWrapper.mm in Sources */ = {isa = PBXBuildFile; fileRef = 18A688A4259893A000FF3426 /* TestWrapper.mm */; };
		18A865FA25AD62A900FE0468 /* AudioQueuePlay.m in Sources */ = {isa = PBXBuildFile; fileRef = 180892DA25A57332003F3CA7 /* AudioQueuePlay.m */; };
		18A865FD25AD769400FE0468 /* DateUtil.m in Sources */ = {isa = PBXBuildFile; fileRef = 18A865FC25AD769400FE0468 /* DateUtil.m */; };
		18A8661125B06CFB00FE0468 /* libios_lib.a in Frameworks */ = {isa = PBXBuildFile; fileRef = 18A8661025B06CFA00FE0468 /* libios_lib.a */; };
		18BFC10525959E0700E67817 /* AppDelegate.m in Sources */ = {isa = PBXBuildFile; fileRef = 18BFC10425959E0700E67817 /* AppDelegate.m */; };
		18BFC10825959E0700E67817 /* SceneDelegate.m in Sources */ = {isa = PBXBuildFile; fileRef = 18BFC10725959E0700E67817 /* SceneDelegate.m */; };
		18BFC10E25959E0700E67817 /* Main.storyboard in Resources */ = {isa = PBXBuildFile; fileRef = 18BFC10C25959E0700E67817 /* Main.storyboard */; };
		18BFC11025959E0800E67817 /* Assets.xcassets in Resources */ = {isa = PBXBuildFile; fileRef = 18BFC10F25959E0800E67817 /* Assets.xcassets */; };
		18BFC11325959E0800E67817 /* LaunchScreen.storyboard in Resources */ = {isa = PBXBuildFile; fileRef = 18BFC11125959E0800E67817 /* LaunchScreen.storyboard */; };
		18BFC11625959E0800E67817 /* main.m in Sources */ = {isa = PBXBuildFile; fileRef = 18BFC11525959E0800E67817 /* main.m */; };
		18BFC1272595A2A700E67817 /* ViewController.m in Sources */ = {isa = PBXBuildFile; fileRef = 18BFC1262595A2A700E67817 /* ViewController.m */; };
		18BFC12B2595A82700E67817 /* FileViewController.m in Sources */ = {isa = PBXBuildFile; fileRef = 18BFC1292595A82700E67817 /* FileViewController.m */; };
		18BFC12C2595A82700E67817 /* FileViewController.xib in Resources */ = {isa = PBXBuildFile; fileRef = 18BFC12A2595A82700E67817 /* FileViewController.xib */; };
		18BFC13025962CD600E67817 /* Student.m in Sources */ = {isa = PBXBuildFile; fileRef = 18BFC12F25962CD600E67817 /* Student.m */; };
		18BFC1392596392A00E67817 /* NetViewController.m in Sources */ = {isa = PBXBuildFile; fileRef = 18BFC1382596392A00E67817 /* NetViewController.m */; };
		18BFC13D25963B8700E67817 /* NavigationControllerDemo.m in Sources */ = {isa = PBXBuildFile; fileRef = 18BFC13B25963B8700E67817 /* NavigationControllerDemo.m */; };
		18BFC13E25963B8700E67817 /* NavigationControllerDemo.xib in Resources */ = {isa = PBXBuildFile; fileRef = 18BFC13C25963B8700E67817 /* NavigationControllerDemo.xib */; };
		18BFC1582596DE1000E67817 /* test1.storyboard in Resources */ = {isa = PBXBuildFile; fileRef = 18BFC1572596DE1000E67817 /* test1.storyboard */; };
		18BFC1602597077C00E67817 /* files in Resources */ = {isa = PBXBuildFile; fileRef = 18BFC15F2597077C00E67817 /* files */; };
/* End PBXBuildFile section */

/* Begin PBXFileReference section */
		180892CE25A48D10003F3CA7 /* aaa */ = {isa = PBXFileReference; lastKnownFileType = folder; path = aaa; sourceTree = "<group>"; };
		180892D025A48E53003F3CA7 /* test.bundle */ = {isa = PBXFileReference; lastKnownFileType = "wrapper.plug-in"; path = test.bundle; sourceTree = "<group>"; };
		180892D225A56C71003F3CA7 /* Storyboard1.storyboard */ = {isa = PBXFileReference; lastKnownFileType = file.storyboard; path = Storyboard1.storyboard; sourceTree = "<group>"; };
		180892D425A56EB9003F3CA7 /* Storyboard2.storyboard */ = {isa = PBXFileReference; lastKnownFileType = file.storyboard; path = Storyboard2.storyboard; sourceTree = "<group>"; };
		180892D625A572A5003F3CA7 /* Storyboard3.storyboard */ = {isa = PBXFileReference; lastKnownFileType = file.storyboard; path = Storyboard3.storyboard; sourceTree = "<group>"; };
		180892D925A57332003F3CA7 /* AudioQueuePlay.h */ = {isa = PBXFileReference; lastKnownFileType = sourcecode.c.h; path = AudioQueuePlay.h; sourceTree = "<group>"; };
		180892DA25A57332003F3CA7 /* AudioQueuePlay.m */ = {isa = PBXFileReference; lastKnownFileType = sourcecode.c.objc; path = AudioQueuePlay.m; sourceTree = "<group>"; };
		1808930925A9C75D003F3CA7 /* cpp_demo1.cpp */ = {isa = PBXFileReference; lastKnownFileType = sourcecode.cpp.cpp; path = cpp_demo1.cpp; sourceTree = "<group>"; };
		1808930A25A9C75D003F3CA7 /* cpp_demo1.hpp */ = {isa = PBXFileReference; lastKnownFileType = sourcecode.cpp.h; path = cpp_demo1.hpp; sourceTree = "<group>"; };
		1808930C25A9CAB6003F3CA7 /* cpp_demo2.cpp */ = {isa = PBXFileReference; lastKnownFileType = sourcecode.cpp.cpp; path = cpp_demo2.cpp; sourceTree = "<group>"; };
		1808930D25A9CAB6003F3CA7 /* cpp_demo2.hpp */ = {isa = PBXFileReference; lastKnownFileType = sourcecode.cpp.h; path = cpp_demo2.hpp; sourceTree = "<group>"; };
		18A6887E259766DD00FF3426 /* FileUtil.h */ = {isa = PBXFileReference; lastKnownFileType = sourcecode.c.h; path = FileUtil.h; sourceTree = "<group>"; };
		18A6887F259766DD00FF3426 /* FileUtil.m */ = {isa = PBXFileReference; lastKnownFileType = sourcecode.c.objc; path = FileUtil.m; sourceTree = "<group>"; };
		18A68881259842FB00FF3426 /* BaseViewController.h */ = {isa = PBXFileReference; lastKnownFileType = sourcecode.c.h; path = BaseViewController.h; sourceTree = "<group>"; };
		18A68882259842FB00FF3426 /* BaseViewController.m */ = {isa = PBXFileReference; lastKnownFileType = sourcecode.c.objc; path = BaseViewController.m; sourceTree = "<group>"; };
		18A68884259843B300FF3426 /* POPAnimation.h */ = {isa = PBXFileReference; lastKnownFileType = sourcecode.c.h; path = POPAnimation.h; sourceTree = "<group>"; };
		18A68885259843B300FF3426 /* POPAnimation.m */ = {isa = PBXFileReference; lastKnownFileType = sourcecode.c.objc; path = POPAnimation.m; sourceTree = "<group>"; };
		18A688932598756600FF3426 /* SafeMutableArray.h */ = {isa = PBXFileReference; lastKnownFileType = sourcecode.c.h; path = SafeMutableArray.h; sourceTree = "<group>"; };
		18A688942598756600FF3426 /* SafeMutableArray.m */ = {isa = PBXFileReference; lastKnownFileType = sourcecode.c.objc; path = SafeMutableArray.m; sourceTree = "<group>"; };
		18A68896259875E700FF3426 /* SafeMutableDictionary.h */ = {isa = PBXFileReference; lastKnownFileType = sourcecode.c.h; path = SafeMutableDictionary.h; sourceTree = "<group>"; };
		18A68897259875E700FF3426 /* SafeMutableDictionary.m */ = {isa = PBXFileReference; lastKnownFileType = sourcecode.c.objc; path = SafeMutableDictionary.m; sourceTree = "<group>"; };
		18A6889C2598863500FF3426 /* test2.storyboard */ = {isa = PBXFileReference; lastKnownFileType = file.storyboard; path = test2.storyboard; sourceTree = "<group>"; };
		18A688A22598934A00FF3426 /* test.h */ = {isa = PBXFileReference; lastKnownFileType = sourcecode.c.h; path = test.h; sourceTree = "<group>"; };
		18A688A3259893A000FF3426 /* TestWrapper.h */ = {isa = PBXFileReference; lastKnownFileType = sourcecode.c.h; path = TestWrapper.h; sourceTree = "<group>"; };
		18A688A4259893A000FF3426 /* TestWrapper.mm */ = {isa = PBXFileReference; lastKnownFileType = sourcecode.cpp.objcpp; path = TestWrapper.mm; sourceTree = "<group>"; };
		18A865FB25AD769400FE0468 /* DateUtil.h */ = {isa = PBXFileReference; lastKnownFileType = sourcecode.c.h; path = DateUtil.h; sourceTree = "<group>"; };
		18A865FC25AD769400FE0468 /* DateUtil.m */ = {isa = PBXFileReference; lastKnownFileType = sourcecode.c.objc; path = DateUtil.m; sourceTree = "<group>"; };
		18A8661025B06CFA00FE0468 /* libios_lib.a */ = {isa = PBXFileReference; lastKnownFileType = archive.ar; path = libios_lib.a; sourceTree = "<group>"; };
		18BFC10025959E0700E67817 /* ios-app-demo1.app */ = {isa = PBXFileReference; explicitFileType = wrapper.application; includeInIndex = 0; path = "ios-app-demo1.app"; sourceTree = BUILT_PRODUCTS_DIR; };
		18BFC10325959E0700E67817 /* AppDelegate.h */ = {isa = PBXFileReference; lastKnownFileType = sourcecode.c.h; path = AppDelegate.h; sourceTree = "<group>"; };
		18BFC10425959E0700E67817 /* AppDelegate.m */ = {isa = PBXFileReference; lastKnownFileType = sourcecode.c.objc; path = AppDelegate.m; sourceTree = "<group>"; };
		18BFC10625959E0700E67817 /* SceneDelegate.h */ = {isa = PBXFileReference; lastKnownFileType = sourcecode.c.h; path = SceneDelegate.h; sourceTree = "<group>"; };
		18BFC10725959E0700E67817 /* SceneDelegate.m */ = {isa = PBXFileReference; lastKnownFileType = sourcecode.c.objc; path = SceneDelegate.m; sourceTree = "<group>"; };
		18BFC10D25959E0700E67817 /* Base */ = {isa = PBXFileReference; lastKnownFileType = file.storyboard; name = Base; path = Base.lproj/Main.storyboard; sourceTree = "<group>"; };
		18BFC10F25959E0800E67817 /* Assets.xcassets */ = {isa = PBXFileReference; lastKnownFileType = folder.assetcatalog; path = Assets.xcassets; sourceTree = "<group>"; };
		18BFC11225959E0800E67817 /* Base */ = {isa = PBXFileReference; lastKnownFileType = file.storyboard; name = Base; path = Base.lproj/LaunchScreen.storyboard; sourceTree = "<group>"; };
		18BFC11425959E0800E67817 /* Info.plist */ = {isa = PBXFileReference; lastKnownFileType = text.plist.xml; path = Info.plist; sourceTree = "<group>"; };
		18BFC11525959E0800E67817 /* main.m */ = {isa = PBXFileReference; lastKnownFileType = sourcecode.c.objc; path = main.m; sourceTree = "<group>"; };
		18BFC1252595A2A700E67817 /* ViewController.h */ = {isa = PBXFileReference; lastKnownFileType = sourcecode.c.h; path = ViewController.h; sourceTree = "<group>"; };
		18BFC1262595A2A700E67817 /* ViewController.m */ = {isa = PBXFileReference; lastKnownFileType = sourcecode.c.objc; path = ViewController.m; sourceTree = "<group>"; };
		18BFC1282595A82700E67817 /* FileViewController.h */ = {isa = PBXFileReference; lastKnownFileType = sourcecode.c.h; path = FileViewController.h; sourceTree = "<group>"; };
		18BFC1292595A82700E67817 /* FileViewController.m */ = {isa = PBXFileReference; lastKnownFileType = sourcecode.c.objc; path = FileViewController.m; sourceTree = "<group>"; };
		18BFC12A2595A82700E67817 /* FileViewController.xib */ = {isa = PBXFileReference; lastKnownFileType = file.xib; path = FileViewController.xib; sourceTree = "<group>"; };
		18BFC12E25962CD600E67817 /* Student.h */ = {isa = PBXFileReference; lastKnownFileType = sourcecode.c.h; path = Student.h; sourceTree = "<group>"; };
		18BFC12F25962CD600E67817 /* Student.m */ = {isa = PBXFileReference; lastKnownFileType = sourcecode.c.objc; path = Student.m; sourceTree = "<group>"; };
		18BFC1372596392A00E67817 /* NetViewController.h */ = {isa = PBXFileReference; lastKnownFileType = sourcecode.c.h; path = NetViewController.h; sourceTree = "<group>"; };
		18BFC1382596392A00E67817 /* NetViewController.m */ = {isa = PBXFileReference; lastKnownFileType = sourcecode.c.objc; path = NetViewController.m; sourceTree = "<group>"; };
		18BFC13A25963B8700E67817 /* NavigationControllerDemo.h */ = {isa = PBXFileReference; lastKnownFileType = sourcecode.c.h; path = NavigationControllerDemo.h; sourceTree = "<group>"; };
		18BFC13B25963B8700E67817 /* NavigationControllerDemo.m */ = {isa = PBXFileReference; lastKnownFileType = sourcecode.c.objc; path = NavigationControllerDemo.m; sourceTree = "<group>"; };
		18BFC13C25963B8700E67817 /* NavigationControllerDemo.xib */ = {isa = PBXFileReference; lastKnownFileType = file.xib; path = NavigationControllerDemo.xib; sourceTree = "<group>"; };
		18BFC1552596DD9E00E67817 /* README.h */ = {isa = PBXFileReference; lastKnownFileType = sourcecode.c.h; path = README.h; sourceTree = "<group>"; };
		18BFC1572596DE1000E67817 /* test1.storyboard */ = {isa = PBXFileReference; lastKnownFileType = file.storyboard; path = test1.storyboard; sourceTree = "<group>"; };
		18BFC15F2597077C00E67817 /* files */ = {isa = PBXFileReference; lastKnownFileType = folder; path = files; sourceTree = "<group>"; };
/* End PBXFileReference section */

/* Begin PBXFrameworksBuildPhase section */
		18BFC0FD25959E0700E67817 /* Frameworks */ = {
			isa = PBXFrameworksBuildPhase;
			buildActionMask = 2147483647;
			files = (
				18A8661125B06CFB00FE0468 /* libios_lib.a in Frameworks */,
			);
			runOnlyForDeploymentPostprocessing = 0;
		};
/* End PBXFrameworksBuildPhase section */

/* Begin PBXGroup section */
		180892D825A57332003F3CA7 /* audio */ = {
			isa = PBXGroup;
			children = (
				180892D925A57332003F3CA7 /* AudioQueuePlay.h */,
				180892DA25A57332003F3CA7 /* AudioQueuePlay.m */,
			);
			path = audio;
			sourceTree = "<group>";
		};
		1808930825A9C6A7003F3CA7 /* cpp */ = {
			isa = PBXGroup;
			children = (
				1808930925A9C75D003F3CA7 /* cpp_demo1.cpp */,
				1808930A25A9C75D003F3CA7 /* cpp_demo1.hpp */,
				1808930C25A9CAB6003F3CA7 /* cpp_demo2.cpp */,
				1808930D25A9CAB6003F3CA7 /* cpp_demo2.hpp */,
			);
			path = cpp;
			sourceTree = "<group>";
		};
		18A6887D259766BA00FF3426 /* util */ = {
			isa = PBXGroup;
			children = (
				18A6887E259766DD00FF3426 /* FileUtil.h */,
				18A6887F259766DD00FF3426 /* FileUtil.m */,
				18A688932598756600FF3426 /* SafeMutableArray.h */,
				18A688942598756600FF3426 /* SafeMutableArray.m */,
				18A68896259875E700FF3426 /* SafeMutableDictionary.h */,
				18A68897259875E700FF3426 /* SafeMutableDictionary.m */,
				18A865FB25AD769400FE0468 /* DateUtil.h */,
				18A865FC25AD769400FE0468 /* DateUtil.m */,
			);
			path = util;
			sourceTree = "<group>";
		};
		18A6889E259892EF00FF3426 /* Frameworks */ = {
			isa = PBXGroup;
			children = (
			);
			name = Frameworks;
			sourceTree = "<group>";
		};
		18A688A12598931F00FF3426 /* wrapper */ = {
			isa = PBXGroup;
			children = (
				18A688A22598934A00FF3426 /* test.h */,
				18A688A3259893A000FF3426 /* TestWrapper.h */,
				18A688A4259893A000FF3426 /* TestWrapper.mm */,
			);
			path = wrapper;
			sourceTree = "<group>";
		};
		18A688A6259897D000FF3426 /* libs */ = {
			isa = PBXGroup;
			children = (
				18A8661025B06CFA00FE0468 /* libios_lib.a */,
			);
			path = libs;
			sourceTree = "<group>";
		};
		18BFC0F725959E0700E67817 = {
			isa = PBXGroup;
			children = (
				18BFC10225959E0700E67817 /* ios-app-demo1 */,
				18BFC10125959E0700E67817 /* Products */,
				18A6889E259892EF00FF3426 /* Frameworks */,
			);
			sourceTree = "<group>";
		};
		18BFC10125959E0700E67817 /* Products */ = {
			isa = PBXGroup;
			children = (
				18BFC10025959E0700E67817 /* ios-app-demo1.app */,
			);
			name = Products;
			sourceTree = "<group>";
		};
		18BFC10225959E0700E67817 /* ios-app-demo1 */ = {
			isa = PBXGroup;
			children = (
				180892CE25A48D10003F3CA7 /* aaa */,
				180892D825A57332003F3CA7 /* audio */,
				18BFC1242595A28300E67817 /* controller */,
				1808930825A9C6A7003F3CA7 /* cpp */,
				18BFC15F2597077C00E67817 /* files */,
				18BFC1562596DDF400E67817 /* layout */,
				18A688A6259897D000FF3426 /* libs */,
				18BFC12D25962CB400E67817 /* ocbase */,
				180892D025A48E53003F3CA7 /* test.bundle */,
				18A6887D259766BA00FF3426 /* util */,
				18A688A12598931F00FF3426 /* wrapper */,
				18BFC1552596DD9E00E67817 /* README.h */,
				18BFC11525959E0800E67817 /* main.m */,
				18BFC10325959E0700E67817 /* AppDelegate.h */,
				18BFC10425959E0700E67817 /* AppDelegate.m */,
				18BFC10F25959E0800E67817 /* Assets.xcassets */,
				18BFC10625959E0700E67817 /* SceneDelegate.h */,
				18BFC10725959E0700E67817 /* SceneDelegate.m */,
				18BFC11125959E0800E67817 /* LaunchScreen.storyboard */,
				180892D225A56C71003F3CA7 /* Storyboard1.storyboard */,
				180892D425A56EB9003F3CA7 /* Storyboard2.storyboard */,
				180892D625A572A5003F3CA7 /* Storyboard3.storyboard */,
				18BFC10C25959E0700E67817 /* Main.storyboard */,
				18BFC11425959E0800E67817 /* Info.plist */,
			);
			path = "ios-app-demo1";
			sourceTree = "<group>";
		};
		18BFC1242595A28300E67817 /* controller */ = {
			isa = PBXGroup;
			children = (
				18BFC1252595A2A700E67817 /* ViewController.h */,
				18BFC1262595A2A700E67817 /* ViewController.m */,
				18BFC1282595A82700E67817 /* FileViewController.h */,
				18BFC1292595A82700E67817 /* FileViewController.m */,
				18BFC12A2595A82700E67817 /* FileViewController.xib */,
				18BFC1372596392A00E67817 /* NetViewController.h */,
				18BFC1382596392A00E67817 /* NetViewController.m */,
				18BFC13A25963B8700E67817 /* NavigationControllerDemo.h */,
				18BFC13B25963B8700E67817 /* NavigationControllerDemo.m */,
				18BFC13C25963B8700E67817 /* NavigationControllerDemo.xib */,
				18A68881259842FB00FF3426 /* BaseViewController.h */,
				18A68882259842FB00FF3426 /* BaseViewController.m */,
				18A68884259843B300FF3426 /* POPAnimation.h */,
				18A68885259843B300FF3426 /* POPAnimation.m */,
			);
			path = controller;
			sourceTree = "<group>";
		};
		18BFC12D25962CB400E67817 /* ocbase */ = {
			isa = PBXGroup;
			children = (
				18BFC12E25962CD600E67817 /* Student.h */,
				18BFC12F25962CD600E67817 /* Student.m */,
			);
			path = ocbase;
			sourceTree = "<group>";
		};
		18BFC1562596DDF400E67817 /* layout */ = {
			isa = PBXGroup;
			children = (
				18BFC1572596DE1000E67817 /* test1.storyboard */,
				18A6889C2598863500FF3426 /* test2.storyboard */,
			);
			path = layout;
			sourceTree = "<group>";
		};
/* End PBXGroup section */

/* Begin PBXNativeTarget section */
		18BFC0FF25959E0700E67817 /* ios-app-demo1 */ = {
			isa = PBXNativeTarget;
			buildConfigurationList = 18BFC11925959E0800E67817 /* Build configuration list for PBXNativeTarget "ios-app-demo1" */;
			buildPhases = (
				18BFC0FC25959E0700E67817 /* Sources */,
				18BFC0FD25959E0700E67817 /* Frameworks */,
				18BFC0FE25959E0700E67817 /* Resources */,
			);
			buildRules = (
			);
			dependencies = (
			);
			name = "ios-app-demo1";
			productName = "ios-app-demo1";
			productReference = 18BFC10025959E0700E67817 /* ios-app-demo1.app */;
			productType = "com.apple.product-type.application";
		};
/* End PBXNativeTarget section */

/* Begin PBXProject section */
		18BFC0F825959E0700E67817 /* Project object */ = {
			isa = PBXProject;
			attributes = {
				LastUpgradeCheck = 1130;
				ORGANIZATIONNAME = Apple;
				TargetAttributes = {
					18BFC0FF25959E0700E67817 = {
						CreatedOnToolsVersion = 11.3;
					};
				};
			};
			buildConfigurationList = 18BFC0FB25959E0700E67817 /* Build configuration list for PBXProject "ios-app-demo1" */;
			compatibilityVersion = "Xcode 9.3";
			developmentRegion = en;
			hasScannedForEncodings = 0;
			knownRegions = (
				en,
				Base,
			);
			mainGroup = 18BFC0F725959E0700E67817;
			productRefGroup = 18BFC10125959E0700E67817 /* Products */;
			projectDirPath = "";
			projectRoot = "";
			targets = (
				18BFC0FF25959E0700E67817 /* ios-app-demo1 */,
			);
		};
/* End PBXProject section */

/* Begin PBXResourcesBuildPhase section */
		18BFC0FE25959E0700E67817 /* Resources */ = {
			isa = PBXResourcesBuildPhase;
			buildActionMask = 2147483647;
			files = (
				180892CF25A48D10003F3CA7 /* aaa in Resources */,
				18BFC1602597077C00E67817 /* files in Resources */,
				18A6889D2598863500FF3426 /* test2.storyboard in Resources */,
				180892D125A48E53003F3CA7 /* test.bundle in Resources */,
				180892D525A56EB9003F3CA7 /* Storyboard2.storyboard in Resources */,
				18BFC1582596DE1000E67817 /* test1.storyboard in Resources */,
				18BFC11325959E0800E67817 /* LaunchScreen.storyboard in Resources */,
				18BFC11025959E0800E67817 /* Assets.xcassets in Resources */,
				180892D325A56C71003F3CA7 /* Storyboard1.storyboard in Resources */,
				180892D725A572A5003F3CA7 /* Storyboard3.storyboard in Resources */,
				18BFC13E25963B8700E67817 /* NavigationControllerDemo.xib in Resources */,
				18BFC12C2595A82700E67817 /* FileViewController.xib in Resources */,
				18BFC10E25959E0700E67817 /* Main.storyboard in Resources */,
			);
			runOnlyForDeploymentPostprocessing = 0;
		};
/* End PBXResourcesBuildPhase section */

/* Begin PBXSourcesBuildPhase section */
		18BFC0FC25959E0700E67817 /* Sources */ = {
			isa = PBXSourcesBuildPhase;
			buildActionMask = 2147483647;
			files = (
				18A865FA25AD62A900FE0468 /* AudioQueuePlay.m in Sources */,
				18A68886259843B300FF3426 /* POPAnimation.m in Sources */,
				18BFC1392596392A00E67817 /* NetViewController.m in Sources */,
				18BFC10525959E0700E67817 /* AppDelegate.m in Sources */,
				18A68883259842FB00FF3426 /* BaseViewController.m in Sources */,
				18BFC11625959E0800E67817 /* main.m in Sources */,
				18BFC12B2595A82700E67817 /* FileViewController.m in Sources */,
				18BFC1272595A2A700E67817 /* ViewController.m in Sources */,
				1808930E25A9CAB6003F3CA7 /* cpp_demo2.cpp in Sources */,
				18A68880259766DD00FF3426 /* FileUtil.m in Sources */,
				18A688952598756600FF3426 /* SafeMutableArray.m in Sources */,
				18A688A5259893A000FF3426 /* TestWrapper.mm in Sources */,
				18BFC10825959E0700E67817 /* SceneDelegate.m in Sources */,
				18BFC13D25963B8700E67817 /* NavigationControllerDemo.m in Sources */,
				1808930B25A9C75D003F3CA7 /* cpp_demo1.cpp in Sources */,
				18A865FD25AD769400FE0468 /* DateUtil.m in Sources */,
				18A68898259875E700FF3426 /* SafeMutableDictionary.m in Sources */,
				18BFC13025962CD600E67817 /* Student.m in Sources */,
			);
			runOnlyForDeploymentPostprocessing = 0;
		};
/* End PBXSourcesBuildPhase section */

/* Begin PBXVariantGroup section */
		18BFC10C25959E0700E67817 /* Main.storyboard */ = {
			isa = PBXVariantGroup;
			children = (
				18BFC10D25959E0700E67817 /* Base */,
			);
			name = Main.storyboard;
			sourceTree = "<group>";
		};
		18BFC11125959E0800E67817 /* LaunchScreen.storyboard */ = {
			isa = PBXVariantGroup;
			children = (
				18BFC11225959E0800E67817 /* Base */,
			);
			name = LaunchScreen.storyboard;
			sourceTree = "<group>";
		};
/* End PBXVariantGroup section */

/* Begin XCBuildConfiguration section */
		18BFC11725959E0800E67817 /* Debug */ = {
			isa = XCBuildConfiguration;
			buildSettings = {
				ALWAYS_SEARCH_USER_PATHS = NO;
				CLANG_ANALYZER_NONNULL = YES;
				CLANG_ANALYZER_NUMBER_OBJECT_CONVERSION = YES_AGGRESSIVE;
				CLANG_CXX_LANGUAGE_STANDARD = "gnu++14";
				CLANG_CXX_LIBRARY = "libc++";
				CLANG_ENABLE_MODULES = YES;
				CLANG_ENABLE_OBJC_ARC = YES;
				CLANG_ENABLE_OBJC_WEAK = YES;
				CLANG_WARN_BLOCK_CAPTURE_AUTORELEASING = YES;
				CLANG_WARN_BOOL_CONVERSION = YES;
				CLANG_WARN_COMMA = YES;
				CLANG_WARN_CONSTANT_CONVERSION = YES;
				CLANG_WARN_DEPRECATED_OBJC_IMPLEMENTATIONS = YES;
				CLANG_WARN_DIRECT_OBJC_ISA_USAGE = YES_ERROR;
				CLANG_WARN_DOCUMENTATION_COMMENTS = YES;
				CLANG_WARN_EMPTY_BODY = YES;
				CLANG_WARN_ENUM_CONVERSION = YES;
				CLANG_WARN_INFINITE_RECURSION = YES;
				CLANG_WARN_INT_CONVERSION = YES;
				CLANG_WARN_NON_LITERAL_NULL_CONVERSION = YES;
				CLANG_WARN_OBJC_IMPLICIT_RETAIN_SELF = YES;
				CLANG_WARN_OBJC_LITERAL_CONVERSION = YES;
				CLANG_WARN_OBJC_ROOT_CLASS = YES_ERROR;
				CLANG_WARN_RANGE_LOOP_ANALYSIS = YES;
				CLANG_WARN_STRICT_PROTOTYPES = YES;
				CLANG_WARN_SUSPICIOUS_MOVE = YES;
				CLANG_WARN_UNGUARDED_AVAILABILITY = YES_AGGRESSIVE;
				CLANG_WARN_UNREACHABLE_CODE = YES;
				CLANG_WARN__DUPLICATE_METHOD_MATCH = YES;
				COPY_PHASE_STRIP = NO;
				DEBUG_INFORMATION_FORMAT = dwarf;
				ENABLE_STRICT_OBJC_MSGSEND = YES;
				ENABLE_TESTABILITY = YES;
				GCC_C_LANGUAGE_STANDARD = gnu11;
				GCC_DYNAMIC_NO_PIC = NO;
				GCC_NO_COMMON_BLOCKS = YES;
				GCC_OPTIMIZATION_LEVEL = 0;
				GCC_PREPROCESSOR_DEFINITIONS = (
					"DEBUG=1",
					"$(inherited)",
				);
				GCC_WARN_64_TO_32_BIT_CONVERSION = YES;
				GCC_WARN_ABOUT_RETURN_TYPE = YES_ERROR;
				GCC_WARN_UNDECLARED_SELECTOR = YES;
				GCC_WARN_UNINITIALIZED_AUTOS = YES_AGGRESSIVE;
				GCC_WARN_UNUSED_FUNCTION = YES;
				GCC_WARN_UNUSED_VARIABLE = YES;
				IPHONEOS_DEPLOYMENT_TARGET = 13.2;
				MTL_ENABLE_DEBUG_INFO = INCLUDE_SOURCE;
				MTL_FAST_MATH = YES;
				ONLY_ACTIVE_ARCH = YES;
				SDKROOT = iphoneos;
			};
			name = Debug;
		};
		18BFC11825959E0800E67817 /* Release */ = {
			isa = XCBuildConfiguration;
			buildSettings = {
				ALWAYS_SEARCH_USER_PATHS = NO;
				CLANG_ANALYZER_NONNULL = YES;
				CLANG_ANALYZER_NUMBER_OBJECT_CONVERSION = YES_AGGRESSIVE;
				CLANG_CXX_LANGUAGE_STANDARD = "gnu++14";
				CLANG_CXX_LIBRARY = "libc++";
				CLANG_ENABLE_MODULES = YES;
				CLANG_ENABLE_OBJC_ARC = YES;
				CLANG_ENABLE_OBJC_WEAK = YES;
				CLANG_WARN_BLOCK_CAPTURE_AUTORELEASING = YES;
				CLANG_WARN_BOOL_CONVERSION = YES;
				CLANG_WARN_COMMA = YES;
				CLANG_WARN_CONSTANT_CONVERSION = YES;
				CLANG_WARN_DEPRECATED_OBJC_IMPLEMENTATIONS = YES;
				CLANG_WARN_DIRECT_OBJC_ISA_USAGE = YES_ERROR;
				CLANG_WARN_DOCUMENTATION_COMMENTS = YES;
				CLANG_WARN_EMPTY_BODY = YES;
				CLANG_WARN_ENUM_CONVERSION = YES;
				CLANG_WARN_INFINITE_RECURSION = YES;
				CLANG_WARN_INT_CONVERSION = YES;
				CLANG_WARN_NON_LITERAL_NULL_CONVERSION = YES;
				CLANG_WARN_OBJC_IMPLICIT_RETAIN_SELF = YES;
				CLANG_WARN_OBJC_LITERAL_CONVERSION = YES;
				CLANG_WARN_OBJC_ROOT_CLASS = YES_ERROR;
				CLANG_WARN_RANGE_LOOP_ANALYSIS = YES;
				CLANG_WARN_STRICT_PROTOTYPES = YES;
				CLANG_WARN_SUSPICIOUS_MOVE = YES;
				CLANG_WARN_UNGUARDED_AVAILABILITY = YES_AGGRESSIVE;
				CLANG_WARN_UNREACHABLE_CODE = YES;
				CLANG_WARN__DUPLICATE_METHOD_MATCH = YES;
				COPY_PHASE_STRIP = NO;
				DEBUG_INFORMATION_FORMAT = "dwarf-with-dsym";
				ENABLE_NS_ASSERTIONS = NO;
				ENABLE_STRICT_OBJC_MSGSEND = YES;
				GCC_C_LANGUAGE_STANDARD = gnu11;
				GCC_NO_COMMON_BLOCKS = YES;
				GCC_WARN_64_TO_32_BIT_CONVERSION = YES;
				GCC_WARN_ABOUT_RETURN_TYPE = YES_ERROR;
				GCC_WARN_UNDECLARED_SELECTOR = YES;
				GCC_WARN_UNINITIALIZED_AUTOS = YES_AGGRESSIVE;
				GCC_WARN_UNUSED_FUNCTION = YES;
				GCC_WARN_UNUSED_VARIABLE = YES;
				IPHONEOS_DEPLOYMENT_TARGET = 13.2;
				MTL_ENABLE_DEBUG_INFO = NO;
				MTL_FAST_MATH = YES;
				SDKROOT = iphoneos;
				VALIDATE_PRODUCT = YES;
			};
			name = Release;
		};
		18BFC11A25959E0800E67817 /* Debug */ = {
			isa = XCBuildConfiguration;
			buildSettings = {
				ASSETCATALOG_COMPILER_APPICON_NAME = AppIcon;
				CLANG_CXX_LANGUAGE_STANDARD = "c++17";
				CODE_SIGN_IDENTITY = "Apple Development";
				CODE_SIGN_STYLE = Automatic;
				DEVELOPMENT_TEAM = 92KCLFU3AG;
				INFOPLIST_FILE = "ios-app-demo1/Info.plist";
				IPHONEOS_DEPLOYMENT_TARGET = 10.0;
				LD_RUNPATH_SEARCH_PATHS = (
					"$(inherited)",
					"@executable_path/Frameworks",
				);
				LIBRARY_SEARCH_PATHS = (
					"$(inherited)",
					"$(PROJECT_DIR)/ios-app-demo1/libs",
				);
				NEW_SETTING = "";
				PRODUCT_BUNDLE_IDENTIFIER = "tech.ios-app-demo1";
				PRODUCT_NAME = "$(TARGET_NAME)";
				PROVISIONING_PROFILE_SPECIFIER = "";
				TARGETED_DEVICE_FAMILY = 1;
			};
			name = Debug;
		};
		18BFC11B25959E0800E67817 /* Release */ = {
			isa = XCBuildConfiguration;
			buildSettings = {
				ASSETCATALOG_COMPILER_APPICON_NAME = AppIcon;
				CLANG_CXX_LANGUAGE_STANDARD = "c++17";
				CODE_SIGN_IDENTITY = "Apple Development";
				CODE_SIGN_STYLE = Automatic;
				DEVELOPMENT_TEAM = 92KCLFU3AG;
				INFOPLIST_FILE = "ios-app-demo1/Info.plist";
				IPHONEOS_DEPLOYMENT_TARGET = 10.0;
				LD_RUNPATH_SEARCH_PATHS = (
					"$(inherited)",
					"@executable_path/Frameworks",
				);
				LIBRARY_SEARCH_PATHS = (
					"$(inherited)",
					"$(PROJECT_DIR)/ios-app-demo1/libs",
				);
				NEW_SETTING = "";
				PRODUCT_BUNDLE_IDENTIFIER = "tech.ios-app-demo1";
				PRODUCT_NAME = "$(TARGET_NAME)";
				PROVISIONING_PROFILE_SPECIFIER = "";
				TARGETED_DEVICE_FAMILY = 1;
			};
			name = Release;
		};
/* End XCBuildConfiguration section */

/* Begin XCConfigurationList section */
		18BFC0FB25959E0700E67817 /* Build configuration list for PBXProject "ios-app-demo1" */ = {
			isa = XCConfigurationList;
			buildConfigurations = (
				18BFC11725959E0800E67817 /* Debug */,
				18BFC11825959E0800E67817 /* Release */,
			);
			defaultConfigurationIsVisible = 0;
			defaultConfigurationName = Release;
		};
		18BFC11925959E0800E67817 /* Build configuration list for PBXNativeTarget "ios-app-demo1" */ = {
			isa = XCConfigurationList;
			buildConfigurations = (
				18BFC11A25959E0800E67817 /* Debug */,
				18BFC11B25959E0800E67817 /* Release */,
			);
			defaultConfigurationIsVisible = 0;
			defaultConfigurationName = Release;
		};
/* End XCConfigurationList section */
	};
	rootObject = 18BFC0F825959E0700E67817 /* Project object */;
}
