// !$*UTF8*$!
{
	archiveVersion = 1;
	classes = {
	};
	objectVersion = 50;
	objects = {

/* Begin PBXBuildFile section */
		18BFC10525959E0700E67817 /* AppDelegate.m in Sources */ = {isa = PBXBuildFile; fileRef = 18BFC10425959E0700E67817 /* AppDelegate.m */; };
		18BFC10825959E0700E67817 /* SceneDelegate.m in Sources */ = {isa = PBXBuildFile; fileRef = 18BFC10725959E0700E67817 /* SceneDelegate.m */; };
		18BFC10E25959E0700E67817 /* Main.storyboard in Resources */ = {isa = PBXBuildFile; fileRef = 18BFC10C25959E0700E67817 /* Main.storyboard */; };
		18BFC11025959E0800E67817 /* Assets.xcassets in Resources */ = {isa = PBXBuildFile; fileRef = 18BFC10F25959E0800E67817 /* Assets.xcassets */; };
		18BFC11325959E0800E67817 /* LaunchScreen.storyboard in Resources */ = {isa = PBXBuildFile; fileRef = 18BFC11125959E0800E67817 /* LaunchScreen.storyboard */; };
		18BFC11625959E0800E67817 /* main.m in Sources */ = {isa = PBXBuildFile; fileRef = 18BFC11525959E0800E67817 /* main.m */; };
		18BFC1272595A2A700E67817 /* ViewController.m in Sources */ = {isa = PBXBuildFile; fileRef = 18BFC1262595A2A700E67817 /* ViewController.m */; };
		18BFC12B2595A82700E67817 /* FileViewController.m in Sources */ = {isa = PBXBuildFile; fileRef = 18BFC1292595A82700E67817 /* FileViewController.m */; };
		18BFC12C2595A82700E67817 /* FileViewController.xib in Resources */ = {isa = PBXBuildFile; fileRef = 18BFC12A2595A82700E67817 /* FileViewController.xib */; };
		18BFC13025962CD600E67817 /* Student.m in Sources */ = {isa = PBXBuildFile; fileRef = 18BFC12F25962CD600E67817 /* Student.m */; };
/* End PBXBuildFile section */

/* Begin PBXFileReference section */
		18BFC10025959E0700E67817 /* ios-app-demo1.app */ = {isa = PBXFileReference; explicitFileType = wrapper.application; includeInIndex = 0; path = "ios-app-demo1.app"; sourceTree = BUILT_PRODUCTS_DIR; };
		18BFC10325959E0700E67817 /* AppDelegate.h */ = {isa = PBXFileReference; lastKnownFileType = sourcecode.c.h; path = AppDelegate.h; sourceTree = "<group>"; };
		18BFC10425959E0700E67817 /* AppDelegate.m */ = {isa = PBXFileReference; lastKnownFileType = sourcecode.c.objc; path = AppDelegate.m; sourceTree = "<group>"; };
		18BFC10625959E0700E67817 /* SceneDelegate.h */ = {isa = PBXFileReference; lastKnownFileType = sourcecode.c.h; path = SceneDelegate.h; sourceTree = "<group>"; };
		18BFC10725959E0700E67817 /* SceneDelegate.m */ = {isa = PBXFileReference; lastKnownFileType = sourcecode.c.objc; path = SceneDelegate.m; sourceTree = "<group>"; };
		18BFC10D25959E0700E67817 /* Base */ = {isa = PBXFileReference; lastKnownFileType = file.storyboard; name = Base; path = Base.lproj/Main.storyboard; sourceTree = "<group>"; };
		18BFC10F25959E0800E67817 /* Assets.xcassets */ = {isa = PBXFileReference; lastKnownFileType = folder.assetcatalog; path = Assets.xcassets; sourceTree = "<group>"; };
		18BFC11225959E0800E67817 /* Base */ = {isa = PBXFileReference; lastKnownFileType = file.storyboard; name = Base; path = Base.lproj/LaunchScreen.storyboard; sourceTree = "<group>"; };
		18BFC11425959E0800E67817 /* Info.plist */ = {isa = PBXFileReference; lastKnownFileType = text.plist.xml; path = Info.plist; sourceTree = "<group>"; };
		18BFC11525959E0800E67817 /* main.m */ = {isa = PBXFileReference; lastKnownFileType = sourcecode.c.objc; path = main.m; sourceTree = "<group>"; };
		18BFC1252595A2A700E67817 /* ViewController.h */ = {isa = PBXFileReference; lastKnownFileType = sourcecode.c.h; path = ViewController.h; sourceTree = "<group>"; };
		18BFC1262595A2A700E67817 /* ViewController.m */ = {isa = PBXFileReference; lastKnownFileType = sourcecode.c.objc; path = ViewController.m; sourceTree = "<group>"; };
		18BFC1282595A82700E67817 /* FileViewController.h */ = {isa = PBXFileReference; lastKnownFileType = sourcecode.c.h; path = FileViewController.h; sourceTree = "<group>"; };
		18BFC1292595A82700E67817 /* FileViewController.m */ = {isa = PBXFileReference; lastKnownFileType = sourcecode.c.objc; path = FileViewController.m; sourceTree = "<group>"; };
		18BFC12A2595A82700E67817 /* FileViewController.xib */ = {isa = PBXFileReference; lastKnownFileType = file.xib; path = FileViewController.xib; sourceTree = "<group>"; };
		18BFC12E25962CD600E67817 /* Student.h */ = {isa = PBXFileReference; lastKnownFileType = sourcecode.c.h; path = Student.h; sourceTree = "<group>"; };
		18BFC12F25962CD600E67817 /* Student.m */ = {isa = PBXFileReference; lastKnownFileType = sourcecode.c.objc; path = Student.m; sourceTree = "<group>"; };
/* End PBXFileReference section */

/* Begin PBXFrameworksBuildPhase section */
		18BFC0FD25959E0700E67817 /* Frameworks */ = {
			isa = PBXFrameworksBuildPhase;
			buildActionMask = 2147483647;
			files = (
			);
			runOnlyForDeploymentPostprocessing = 0;
		};
/* End PBXFrameworksBuildPhase section */

/* Begin PBXGroup section */
		18BFC0F725959E0700E67817 = {
			isa = PBXGroup;
			children = (
				18BFC10225959E0700E67817 /* ios-app-demo1 */,
				18BFC10125959E0700E67817 /* Products */,
			);
			sourceTree = "<group>";
		};
		18BFC10125959E0700E67817 /* Products */ = {
			isa = PBXGroup;
			children = (
				18BFC10025959E0700E67817 /* ios-app-demo1.app */,
			);
			name = Products;
			sourceTree = "<group>";
		};
		18BFC10225959E0700E67817 /* ios-app-demo1 */ = {
			isa = PBXGroup;
			children = (
				18BFC12D25962CB400E67817 /* ocbase */,
				18BFC1242595A28300E67817 /* controller */,
				18BFC10325959E0700E67817 /* AppDelegate.h */,
				18BFC10425959E0700E67817 /* AppDelegate.m */,
				18BFC10625959E0700E67817 /* SceneDelegate.h */,
				18BFC10725959E0700E67817 /* SceneDelegate.m */,
				18BFC10C25959E0700E67817 /* Main.storyboard */,
				18BFC10F25959E0800E67817 /* Assets.xcassets */,
				18BFC11125959E0800E67817 /* LaunchScreen.storyboard */,
				18BFC11425959E0800E67817 /* Info.plist */,
				18BFC11525959E0800E67817 /* main.m */,
			);
			path = "ios-app-demo1";
			sourceTree = "<group>";
		};
		18BFC1242595A28300E67817 /* controller */ = {
			isa = PBXGroup;
			children = (
				18BFC1252595A2A700E67817 /* ViewController.h */,
				18BFC1262595A2A700E67817 /* ViewController.m */,
				18BFC1282595A82700E67817 /* FileViewController.h */,
				18BFC1292595A82700E67817 /* FileViewController.m */,
				18BFC12A2595A82700E67817 /* FileViewController.xib */,
			);
			path = controller;
			sourceTree = "<group>";
		};
		18BFC12D25962CB400E67817 /* ocbase */ = {
			isa = PBXGroup;
			children = (
				18BFC12E25962CD600E67817 /* Student.h */,
				18BFC12F25962CD600E67817 /* Student.m */,
			);
			path = ocbase;
			sourceTree = "<group>";
		};
/* End PBXGroup section */

/* Begin PBXNativeTarget section */
		18BFC0FF25959E0700E67817 /* ios-app-demo1 */ = {
			isa = PBXNativeTarget;
			buildConfigurationList = 18BFC11925959E0800E67817 /* Build configuration list for PBXNativeTarget "ios-app-demo1" */;
			buildPhases = (
				18BFC0FC25959E0700E67817 /* Sources */,
				18BFC0FD25959E0700E67817 /* Frameworks */,
				18BFC0FE25959E0700E67817 /* Resources */,
			);
			buildRules = (
			);
			dependencies = (
			);
			name = "ios-app-demo1";
			productName = "ios-app-demo1";
			productReference = 18BFC10025959E0700E67817 /* ios-app-demo1.app */;
			productType = "com.apple.product-type.application";
		};
/* End PBXNativeTarget section */

/* Begin PBXProject section */
		18BFC0F825959E0700E67817 /* Project object */ = {
			isa = PBXProject;
			attributes = {
				LastUpgradeCheck = 1130;
				ORGANIZATIONNAME = Apple;
				TargetAttributes = {
					18BFC0FF25959E0700E67817 = {
						CreatedOnToolsVersion = 11.3;
					};
				};
			};
			buildConfigurationList = 18BFC0FB25959E0700E67817 /* Build configuration list for PBXProject "ios-app-demo1" */;
			compatibilityVersion = "Xcode 9.3";
			developmentRegion = en;
			hasScannedForEncodings = 0;
			knownRegions = (
				en,
				Base,
			);
			mainGroup = 18BFC0F725959E0700E67817;
			productRefGroup = 18BFC10125959E0700E67817 /* Products */;
			projectDirPath = "";
			projectRoot = "";
			targets = (
				18BFC0FF25959E0700E67817 /* ios-app-demo1 */,
			);
		};
/* End PBXProject section */

/* Begin PBXResourcesBuildPhase section */
		18BFC0FE25959E0700E67817 /* Resources */ = {
			isa = PBXResourcesBuildPhase;
			buildActionMask = 2147483647;
			files = (
				18BFC11325959E0800E67817 /* LaunchScreen.storyboard in Resources */,
				18BFC11025959E0800E67817 /* Assets.xcassets in Resources */,
				18BFC12C2595A82700E67817 /* FileViewController.xib in Resources */,
				18BFC10E25959E0700E67817 /* Main.storyboard in Resources */,
			);
			runOnlyForDeploymentPostprocessing = 0;
		};
/* End PBXResourcesBuildPhase section */

/* Begin PBXSourcesBuildPhase section */
		18BFC0FC25959E0700E67817 /* Sources */ = {
			isa = PBXSourcesBuildPhase;
			buildActionMask = 2147483647;
			files = (
				18BFC10525959E0700E67817 /* AppDelegate.m in Sources */,
				18BFC11625959E0800E67817 /* main.m in Sources */,
				18BFC12B2595A82700E67817 /* FileViewController.m in Sources */,
				18BFC1272595A2A700E67817 /* ViewController.m in Sources */,
				18BFC10825959E0700E67817 /* SceneDelegate.m in Sources */,
				18BFC13025962CD600E67817 /* Student.m in Sources */,
			);
			runOnlyForDeploymentPostprocessing = 0;
		};
/* End PBXSourcesBuildPhase section */

/* Begin PBXVariantGroup section */
		18BFC10C25959E0700E67817 /* Main.storyboard */ = {
			isa = PBXVariantGroup;
			children = (
				18BFC10D25959E0700E67817 /* Base */,
			);
			name = Main.storyboard;
			sourceTree = "<group>";
		};
		18BFC11125959E0800E67817 /* LaunchScreen.storyboard */ = {
			isa = PBXVariantGroup;
			children = (
				18BFC11225959E0800E67817 /* Base */,
			);
			name = LaunchScreen.storyboard;
			sourceTree = "<group>";
		};
/* End PBXVariantGroup section */

/* Begin XCBuildConfiguration section */
		18BFC11725959E0800E67817 /* Debug */ = {
			isa = XCBuildConfiguration;
			buildSettings = {
				ALWAYS_SEARCH_USER_PATHS = NO;
				CLANG_ANALYZER_NONNULL = YES;
				CLANG_ANALYZER_NUMBER_OBJECT_CONVERSION = YES_AGGRESSIVE;
				CLANG_CXX_LANGUAGE_STANDARD = "gnu++14";
				CLANG_CXX_LIBRARY = "libc++";
				CLANG_ENABLE_MODULES = YES;
				CLANG_ENABLE_OBJC_ARC = YES;
				CLANG_ENABLE_OBJC_WEAK = YES;
				CLANG_WARN_BLOCK_CAPTURE_AUTORELEASING = YES;
				CLANG_WARN_BOOL_CONVERSION = YES;
				CLANG_WARN_COMMA = YES;
				CLANG_WARN_CONSTANT_CONVERSION = YES;
				CLANG_WARN_DEPRECATED_OBJC_IMPLEMENTATIONS = YES;
				CLANG_WARN_DIRECT_OBJC_ISA_USAGE = YES_ERROR;
				CLANG_WARN_DOCUMENTATION_COMMENTS = YES;
				CLANG_WARN_EMPTY_BODY = YES;
				CLANG_WARN_ENUM_CONVERSION = YES;
				CLANG_WARN_INFINITE_RECURSION = YES;
				CLANG_WARN_INT_CONVERSION = YES;
				CLANG_WARN_NON_LITERAL_NULL_CONVERSION = YES;
				CLANG_WARN_OBJC_IMPLICIT_RETAIN_SELF = YES;
				CLANG_WARN_OBJC_LITERAL_CONVERSION = YES;
				CLANG_WARN_OBJC_ROOT_CLASS = YES_ERROR;
				CLANG_WARN_RANGE_LOOP_ANALYSIS = YES;
				CLANG_WARN_STRICT_PROTOTYPES = YES;
				CLANG_WARN_SUSPICIOUS_MOVE = YES;
				CLANG_WARN_UNGUARDED_AVAILABILITY = YES_AGGRESSIVE;
				CLANG_WARN_UNREACHABLE_CODE = YES;
				CLANG_WARN__DUPLICATE_METHOD_MATCH = YES;
				COPY_PHASE_STRIP = NO;
				DEBUG_INFORMATION_FORMAT = dwarf;
				ENABLE_STRICT_OBJC_MSGSEND = YES;
				ENABLE_TESTABILITY = YES;
				GCC_C_LANGUAGE_STANDARD = gnu11;
				GCC_DYNAMIC_NO_PIC = NO;
				GCC_NO_COMMON_BLOCKS = YES;
				GCC_OPTIMIZATION_LEVEL = 0;
				GCC_PREPROCESSOR_DEFINITIONS = (
					"DEBUG=1",
					"$(inherited)",
				);
				GCC_WARN_64_TO_32_BIT_CONVERSION = YES;
				GCC_WARN_ABOUT_RETURN_TYPE = YES_ERROR;
				GCC_WARN_UNDECLARED_SELECTOR = YES;
				GCC_WARN_UNINITIALIZED_AUTOS = YES_AGGRESSIVE;
				GCC_WARN_UNUSED_FUNCTION = YES;
				GCC_WARN_UNUSED_VARIABLE = YES;
				IPHONEOS_DEPLOYMENT_TARGET = 13.2;
				MTL_ENABLE_DEBUG_INFO = INCLUDE_SOURCE;
				MTL_FAST_MATH = YES;
				ONLY_ACTIVE_ARCH = YES;
				SDKROOT = iphoneos;
			};
			name = Debug;
		};
		18BFC11825959E0800E67817 /* Release */ = {
			isa = XCBuildConfiguration;
			buildSettings = {
				ALWAYS_SEARCH_USER_PATHS = NO;
				CLANG_ANALYZER_NONNULL = YES;
				CLANG_ANALYZER_NUMBER_OBJECT_CONVERSION = YES_AGGRESSIVE;
				CLANG_CXX_LANGUAGE_STANDARD = "gnu++14";
				CLANG_CXX_LIBRARY = "libc++";
				CLANG_ENABLE_MODULES = YES;
				CLANG_ENABLE_OBJC_ARC = YES;
				CLANG_ENABLE_OBJC_WEAK = YES;
				CLANG_WARN_BLOCK_CAPTURE_AUTORELEASING = YES;
				CLANG_WARN_BOOL_CONVERSION = YES;
				CLANG_WARN_COMMA = YES;
				CLANG_WARN_CONSTANT_CONVERSION = YES;
				CLANG_WARN_DEPRECATED_OBJC_IMPLEMENTATIONS = YES;
				CLANG_WARN_DIRECT_OBJC_ISA_USAGE = YES_ERROR;
				CLANG_WARN_DOCUMENTATION_COMMENTS = YES;
				CLANG_WARN_EMPTY_BODY = YES;
				CLANG_WARN_ENUM_CONVERSION = YES;
				CLANG_WARN_INFINITE_RECURSION = YES;
				CLANG_WARN_INT_CONVERSION = YES;
				CLANG_WARN_NON_LITERAL_NULL_CONVERSION = YES;
				CLANG_WARN_OBJC_IMPLICIT_RETAIN_SELF = YES;
				CLANG_WARN_OBJC_LITERAL_CONVERSION = YES;
				CLANG_WARN_OBJC_ROOT_CLASS = YES_ERROR;
				CLANG_WARN_RANGE_LOOP_ANALYSIS = YES;
				CLANG_WARN_STRICT_PROTOTYPES = YES;
				CLANG_WARN_SUSPICIOUS_MOVE = YES;
				CLANG_WARN_UNGUARDED_AVAILABILITY = YES_AGGRESSIVE;
				CLANG_WARN_UNREACHABLE_CODE = YES;
				CLANG_WARN__DUPLICATE_METHOD_MATCH = YES;
				COPY_PHASE_STRIP = NO;
				DEBUG_INFORMATION_FORMAT = "dwarf-with-dsym";
				ENABLE_NS_ASSERTIONS = NO;
				ENABLE_STRICT_OBJC_MSGSEND = YES;
				GCC_C_LANGUAGE_STANDARD = gnu11;
				GCC_NO_COMMON_BLOCKS = YES;
				GCC_WARN_64_TO_32_BIT_CONVERSION = YES;
				GCC_WARN_ABOUT_RETURN_TYPE = YES_ERROR;
				GCC_WARN_UNDECLARED_SELECTOR = YES;
				GCC_WARN_UNINITIALIZED_AUTOS = YES_AGGRESSIVE;
				GCC_WARN_UNUSED_FUNCTION = YES;
				GCC_WARN_UNUSED_VARIABLE = YES;
				IPHONEOS_DEPLOYMENT_TARGET = 13.2;
				MTL_ENABLE_DEBUG_INFO = NO;
				MTL_FAST_MATH = YES;
				SDKROOT = iphoneos;
				VALIDATE_PRODUCT = YES;
			};
			name = Release;
		};
		18BFC11A25959E0800E67817 /* Debug */ = {
			isa = XCBuildConfiguration;
			buildSettings = {
				ASSETCATALOG_COMPILER_APPICON_NAME = AppIcon;
				CODE_SIGN_STYLE = Automatic;
				DEVELOPMENT_TEAM = 92KCLFU3AG;
				INFOPLIST_FILE = "ios-app-demo1/Info.plist";
				IPHONEOS_DEPLOYMENT_TARGET = 12.4;
				LD_RUNPATH_SEARCH_PATHS = (
					"$(inherited)",
					"@executable_path/Frameworks",
				);
				PRODUCT_BUNDLE_IDENTIFIER = "tech.ios-app-demo1";
				PRODUCT_NAME = "$(TARGET_NAME)";
				TARGETED_DEVICE_FAMILY = 1;
			};
			name = Debug;
		};
		18BFC11B25959E0800E67817 /* Release */ = {
			isa = XCBuildConfiguration;
			buildSettings = {
				ASSETCATALOG_COMPILER_APPICON_NAME = AppIcon;
				CODE_SIGN_STYLE = Automatic;
				DEVELOPMENT_TEAM = 92KCLFU3AG;
				INFOPLIST_FILE = "ios-app-demo1/Info.plist";
				IPHONEOS_DEPLOYMENT_TARGET = 12.4;
				LD_RUNPATH_SEARCH_PATHS = (
					"$(inherited)",
					"@executable_path/Frameworks",
				);
				PRODUCT_BUNDLE_IDENTIFIER = "tech.ios-app-demo1";
				PRODUCT_NAME = "$(TARGET_NAME)";
				TARGETED_DEVICE_FAMILY = 1;
			};
			name = Release;
		};
/* End XCBuildConfiguration section */

/* Begin XCConfigurationList section */
		18BFC0FB25959E0700E67817 /* Build configuration list for PBXProject "ios-app-demo1" */ = {
			isa = XCConfigurationList;
			buildConfigurations = (
				18BFC11725959E0800E67817 /* Debug */,
				18BFC11825959E0800E67817 /* Release */,
			);
			defaultConfigurationIsVisible = 0;
			defaultConfigurationName = Release;
		};
		18BFC11925959E0800E67817 /* Build configuration list for PBXNativeTarget "ios-app-demo1" */ = {
			isa = XCConfigurationList;
			buildConfigurations = (
				18BFC11A25959E0800E67817 /* Debug */,
				18BFC11B25959E0800E67817 /* Release */,
			);
			defaultConfigurationIsVisible = 0;
			defaultConfigurationName = Release;
		};
/* End XCConfigurationList section */
	};
	rootObject = 18BFC0F825959E0700E67817 /* Project object */;
}
